
Microsoft Visual Studio Solution File, Format Version 12.00
# Visual Studio Version 16
VisualStudioVersion = 16.0.31515.178
MinimumVisualStudioVersion = 10.0.40219.1
Project("{888888A0-9F3D-457C-B088-3A5042F75D52}") = "DownloadData", "PythonApplication1\DownloadData.pyproj", "{52B7C936-2175-4386-8227-875104C80151}"
EndProject
Global
	GlobalSection(SolutionConfigurationPlatforms) = preSolution
		Debug|Any CPU = Debug|Any CPU
		Release|Any CPU = Release|Any CPU
	EndGlobalSection
	GlobalSection(ProjectConfigurationPlatforms) = postSolution
		{52B7C936-2175-4386-8227-875104C80151}.Debug|Any CPU.ActiveCfg = Debug|Any CPU
		{52B7C936-2175-4386-8227-875104C80151}.Release|Any CPU.ActiveCfg = Release|Any CPU
	EndGlobalSection
	GlobalSection(SolutionProperties) = preSolution
		HideSolutionNode = FALSE
	EndGlobalSection
	GlobalSection(ExtensibilityGlobals) = postSolution
		SolutionGuid = {509F85BF-039A-4796-947E-30C7C843C15E}
	EndGlobalSection
EndGlobal
